// !$*UTF8*$!
{
	archiveVersion = 1;
	classes = {
	};
	objectVersion = 71;
	objects = {

/* Begin PBXBuildFile section */
		NT00000000000000000000A3 /* Vendor/MediaRemoteAdapter/MediaRemoteAdapter.framework in Embed MediaRemote Adapter */ = {isa = PBXBuildFile; fileRef = NT00000000000000000000A0 /* Vendor/MediaRemoteAdapter/MediaRemoteAdapter.framework */; settings = {ATTRIBUTES = (CodeSignOnCopy, RemoveHeadersOnCopy, ); }; };
		NT00000000000000000000A4 /* MediaRemoteAdapter in Resources */ = {isa = PBXBuildFile; fileRef = NT00000000000000000000A1 /* MediaRemoteAdapter */; };
/* End PBXBuildFile section */

/* Begin PBXContainerItemProxy section */
		NT0000000000000000000057 /* PBXContainerItemProxy */ = {
			isa = PBXContainerItemProxy;
			containerPortal = NT0000000000000000000006 /* Project object */;
			proxyType = 1;
			remoteGlobalIDString = NT0000000000000000000005;
			remoteInfo = NotchTriage;
		};
/* End PBXContainerItemProxy section */

/* Begin PBXCopyFilesBuildPhase section */
		NT00000000000000000000A2 /* Embed MediaRemote Adapter */ = {
			isa = PBXCopyFilesBuildPhase;
			buildActionMask = 2147483647;
			dstPath = "";
			dstSubfolderSpec = 10;
			files = (
				NT00000000000000000000A3 /* Vendor/MediaRemoteAdapter/MediaRemoteAdapter.framework in Embed MediaRemote Adapter */,
			);
			name = "Embed MediaRemote Adapter";
			runOnlyForDeploymentPostprocessing = 0;
		};
/* End PBXCopyFilesBuildPhase section */

/* Begin PBXFileReference section */
		NT0000000000000000000002 /* NotchTriage.app */ = {isa = PBXFileReference; explicitFileType = wrapper.application; includeInIndex = 0; path = NotchTriage.app; sourceTree = BUILT_PRODUCTS_DIR; };
		NT0000000000000000000051 /* NotchTriageTests.xctest */ = {isa = PBXFileReference; explicitFileType = wrapper.cfbundle; includeInIndex = 0; path = NotchTriageTests.xctest; sourceTree = BUILT_PRODUCTS_DIR; };
		NT00000000000000000000A0 /* Vendor/MediaRemoteAdapter/MediaRemoteAdapter.framework */ = {isa = PBXFileReference; lastKnownFileType = wrapper.framework; path = Vendor/MediaRemoteAdapter/MediaRemoteAdapter.framework; sourceTree = "<group>"; };
		NT00000000000000000000A1 /* MediaRemoteAdapter */ = {isa = PBXFileReference; lastKnownFileType = folder; name = MediaRemoteAdapter; path = Vendor/MediaRemoteAdapter/MediaRemoteAdapter; sourceTree = "<group>"; };
/* End PBXFileReference section */

/* Begin PBXFileSystemSynchronizedRootGroup section */
		NT0000000000000000000001 /* NotchTriage */ = {isa = PBXFileSystemSynchronizedRootGroup; explicitFileTypes = {}; explicitFolders = (); path = NotchTriage; sourceTree = "<group>"; };
		NT0000000000000000000050 /* NotchTriageTests */ = {isa = PBXFileSystemSynchronizedRootGroup; explicitFileTypes = {}; explicitFolders = (); path = NotchTriageTests; sourceTree = "<group>"; };
/* End PBXFileSystemSynchronizedRootGroup section */

/* Begin PBXFrameworksBuildPhase section */
		NT0000000000000000000011 /* Frameworks */ = {
			isa = PBXFrameworksBuildPhase;
			buildActionMask = 2147483647;
			files = (
			);
			runOnlyForDeploymentPostprocessing = 0;
		};
		NT0000000000000000000052 /* Frameworks */ = {
			isa = PBXFrameworksBuildPhase;
			buildActionMask = 2147483647;
			files = (
			);
			runOnlyForDeploymentPostprocessing = 0;
		};
/* End PBXFrameworksBuildPhase section */

/* Begin PBXGroup section */
		NT0000000000000000000003 = {
			isa = PBXGroup;
			children = (
				NT0000000000000000000001 /* NotchTriage */,
				NT0000000000000000000050 /* NotchTriageTests */,
				NT00000000000000000000A0 /* Vendor/MediaRemoteAdapter/MediaRemoteAdapter.framework */,
				NT00000000000000000000A1 /* MediaRemoteAdapter */,
				NT0000000000000000000004 /* Products */,
			);
			sourceTree = "<group>";
		};
		NT0000000000000000000004 /* Products */ = {
			isa = PBXGroup;
			children = (
				NT0000000000000000000002 /* NotchTriage.app */,
				NT0000000000000000000051 /* NotchTriageTests.xctest */,
			);
			name = Products;
			sourceTree = "<group>";
		};
/* End PBXGroup section */

/* Begin PBXNativeTarget section */
		NT0000000000000000000005 /* NotchTriage */ = {
			isa = PBXNativeTarget;
			buildConfigurationList = NT0000000000000000000021 /* Build configuration list for PBXNativeTarget "NotchTriage" */;
			buildPhases = (
				NT0000000000000000000010 /* Sources */,
				NT0000000000000000000011 /* Frameworks */,
				NT0000000000000000000012 /* Resources */,
				NT00000000000000000000A2 /* Embed MediaRemote Adapter */,
			);
			buildRules = (
			);
			dependencies = (
			);
			fileSystemSynchronizedGroups = (
				NT0000000000000000000001 /* NotchTriage */,
			);
			name = NotchTriage;
			packageProductDependencies = (
			);
			productName = NotchTriage;
			productReference = NT0000000000000000000002 /* NotchTriage.app */;
			productType = "com.apple.product-type.application";
		};
		NT0000000000000000000055 /* NotchTriageTests */ = {
			isa = PBXNativeTarget;
			buildConfigurationList = NT0000000000000000000058 /* Build configuration list for PBXNativeTarget "NotchTriageTests" */;
			buildPhases = (
				NT0000000000000000000053 /* Sources */,
				NT0000000000000000000052 /* Frameworks */,
				NT0000000000000000000054 /* Resources */,
			);
			buildRules = (
			);
			dependencies = (
				NT0000000000000000000056 /* PBXTargetDependency */,
			);
			fileSystemSynchronizedGroups = (
				NT0000000000000000000050 /* NotchTriageTests */,
			);
			name = NotchTriageTests;
			packageProductDependencies = (
			);
			productName = NotchTriageTests;
			productReference = NT0000000000000000000051 /* NotchTriageTests.xctest */;
			productType = "com.apple.product-type.bundle.unit-test";
		};
/* End PBXNativeTarget section */

/* Begin PBXProject section */
		NT0000000000000000000006 /* Project object */ = {
			isa = PBXProject;
			attributes = {
				BuildIndependentTargetsInParallel = 1;
				LastSwiftUpdateCheck = 2700;
				LastUpgradeCheck = 2700;
				TargetAttributes = {
					NT0000000000000000000005 = {
						CreatedOnToolsVersion = 27.0;
					};
					NT0000000000000000000055 = {
						CreatedOnToolsVersion = 27.0;
						TestTargetID = NT0000000000000000000005;
					};
				};
			};
			buildConfigurationList = NT0000000000000000000020 /* Build configuration list for PBXProject "NotchTriage" */;
			compatibilityVersion = "Xcode 16.0";
			developmentRegion = en;
			hasScannedForEncodings = 0;
			knownRegions = (
				en,
				Base,
				"zh-Hans",
			);
			mainGroup = NT0000000000000000000003;
			minimizedProjectReferenceProxies = 1;
			productRefGroup = NT0000000000000000000004 /* Products */;
			projectDirPath = "";
			projectRoot = "";
			targets = (
				NT0000000000000000000005 /* NotchTriage */,
				NT0000000000000000000055 /* NotchTriageTests */,
			);
		};
/* End PBXProject section */

/* Begin PBXResourcesBuildPhase section */
		NT0000000000000000000012 /* Resources */ = {
			isa = PBXResourcesBuildPhase;
			buildActionMask = 2147483647;
			files = (
				NT00000000000000000000A4 /* MediaRemoteAdapter in Resources */,
			);
			runOnlyForDeploymentPostprocessing = 0;
		};
		NT0000000000000000000054 /* Resources */ = {
			isa = PBXResourcesBuildPhase;
			buildActionMask = 2147483647;
			files = (
			);
			runOnlyForDeploymentPostprocessing = 0;
		};
/* End PBXResourcesBuildPhase section */

/* Begin PBXSourcesBuildPhase section */
		NT0000000000000000000010 /* Sources */ = {
			isa = PBXSourcesBuildPhase;
			buildActionMask = 2147483647;
			files = (
			);
			runOnlyForDeploymentPostprocessing = 0;
		};
		NT0000000000000000000053 /* Sources */ = {
			isa = PBXSourcesBuildPhase;
			buildActionMask = 2147483647;
			files = (
			);
			runOnlyForDeploymentPostprocessing = 0;
		};
/* End PBXSourcesBuildPhase section */

/* Begin PBXTargetDependency section */
		NT0000000000000000000056 /* PBXTargetDependency */ = {
			isa = PBXTargetDependency;
			target = NT0000000000000000000005 /* NotchTriage */;
			targetProxy = NT0000000000000000000057 /* PBXContainerItemProxy */;
		};
/* End PBXTargetDependency section */

/* Begin XCBuildConfiguration section */
		NT0000000000000000000030 /* Debug */ = {
			isa = XCBuildConfiguration;
			buildSettings = {
				ALWAYS_SEARCH_USER_PATHS = NO;
				ASSETCATALOG_COMPILER_GENERATE_SWIFT_ASSET_SYMBOL_EXTENSIONS = YES;
				CLANG_ANALYZER_NONNULL = YES;
				CLANG_ANALYZER_NUMBER_OBJECT_CONVERSION = YES_AGGRESSIVE;
				CLANG_CXX_LANGUAGE_STANDARD = "gnu++20";
				CLANG_ENABLE_MODULES = YES;
				CLANG_ENABLE_OBJC_ARC = YES;
				CLANG_ENABLE_OBJC_WEAK = YES;
				CLANG_WARN_BLOCK_CAPTURE_AUTORELEASING = YES;
				CLANG_WARN_BOOL_CONVERSION = YES;
				CLANG_WARN_COMMA = YES;
				CLANG_WARN_CONSTANT_CONVERSION = YES;
				CLANG_WARN_DEPRECATED_OBJC_IMPLEMENTATIONS = YES;
				CLANG_WARN_DIRECT_OBJC_ISA_USAGE = YES_ERROR;
				CLANG_WARN_DOCUMENTATION_COMMENTS = YES;
				CLANG_WARN_EMPTY_BODY = YES;
				CLANG_WARN_ENUM_CONVERSION = YES;
				CLANG_WARN_INFINITE_RECURSION = YES;
				CLANG_WARN_INT_CONVERSION = YES;
				CLANG_WARN_NON_LITERAL_NULL_CONVERSION = YES;
				CLANG_WARN_OBJC_IMPLICIT_RETAIN_SELF = YES;
				CLANG_WARN_OBJC_LITERAL_CONVERSION = YES;
				CLANG_WARN_OBJC_ROOT_CLASS = YES_ERROR;
				CLANG_WARN_QUOTED_INCLUDE_IN_FRAMEWORK_HEADER = YES;
				CLANG_WARN_RANGE_LOOP_ANALYSIS = YES;
				CLANG_WARN_STRICT_PROTOTYPES = YES;
				CLANG_WARN_SUSPICIOUS_MOVE = YES;
				CLANG_WARN_UNGUARDED_AVAILABILITY = YES_AGGRESSIVE;
				CLANG_WARN_UNREACHABLE_CODE = YES;
				CLANG_WARN__DUPLICATE_METHOD_MATCH = YES;
				COPY_PHASE_STRIP = NO;
				DEBUG_INFORMATION_FORMAT = dwarf;
				ENABLE_STRICT_OBJC_MSGSEND = YES;
				ENABLE_TESTABILITY = YES;
				GCC_C_LANGUAGE_STANDARD = gnu17;
				GCC_NO_COMMON_BLOCKS = YES;
				GCC_OPTIMIZATION_LEVEL = 0;
				GCC_PREPROCESSOR_DEFINITIONS = (
					"DEBUG=1",
					"$(inherited)",
				);
				GCC_WARN_64_TO_32_BIT_CONVERSION = YES;
				GCC_WARN_ABOUT_RETURN_TYPE = YES_ERROR;
				GCC_WARN_UNDECLARED_SELECTOR = YES;
				GCC_WARN_UNINITIALIZED_AUTOS = YES_AGGRESSIVE;
				GCC_WARN_UNUSED_FUNCTION = YES;
				GCC_WARN_UNUSED_VARIABLE = YES;
				LOCALIZATION_PREFERS_STRING_CATALOGS = YES;
				MACOSX_DEPLOYMENT_TARGET = 26.0;
				MTL_ENABLE_DEBUG_INFO = INCLUDE_SOURCE;
				MTL_FAST_MATH = YES;
				ONLY_ACTIVE_ARCH = YES;
				SDKROOT = macosx;
				SWIFT_ACTIVE_COMPILATION_CONDITIONS = "DEBUG $(inherited)";
				SWIFT_OPTIMIZATION_LEVEL = "-Onone";
			};
			name = Debug;
		};
		NT0000000000000000000031 /* Release */ = {
			isa = XCBuildConfiguration;
			buildSettings = {
				ALWAYS_SEARCH_USER_PATHS = NO;
				ASSETCATALOG_COMPILER_GENERATE_SWIFT_ASSET_SYMBOL_EXTENSIONS = YES;
				CLANG_ANALYZER_NONNULL = YES;
				CLANG_ANALYZER_NUMBER_OBJECT_CONVERSION = YES_AGGRESSIVE;
				CLANG_CXX_LANGUAGE_STANDARD = "gnu++20";
				CLANG_ENABLE_MODULES = YES;
				CLANG_ENABLE_OBJC_ARC = YES;
				CLANG_ENABLE_OBJC_WEAK = YES;
				CLANG_WARN_BLOCK_CAPTURE_AUTORELEASING = YES;
				CLANG_WARN_BOOL_CONVERSION = YES;
				CLANG_WARN_COMMA = YES;
				CLANG_WARN_CONSTANT_CONVERSION = YES;
				CLANG_WARN_DEPRECATED_OBJC_IMPLEMENTATIONS = YES;
				CLANG_WARN_DIRECT_OBJC_ISA_USAGE = YES_ERROR;
				CLANG_WARN_DOCUMENTATION_COMMENTS = YES;
				CLANG_WARN_EMPTY_BODY = YES;
				CLANG_WARN_ENUM_CONVERSION = YES;
				CLANG_WARN_INFINITE_RECURSION = YES;
				CLANG_WARN_INT_CONVERSION = YES;
				CLANG_WARN_NON_LITERAL_NULL_CONVERSION = YES;
				CLANG_WARN_OBJC_IMPLICIT_RETAIN_SELF = YES;
				CLANG_WARN_OBJC_LITERAL_CONVERSION = YES;
				CLANG_WARN_OBJC_ROOT_CLASS = YES_ERROR;
				CLANG_WARN_QUOTED_INCLUDE_IN_FRAMEWORK_HEADER = YES;
				CLANG_WARN_RANGE_LOOP_ANALYSIS = YES;
				CLANG_WARN_STRICT_PROTOTYPES = YES;
				CLANG_WARN_SUSPICIOUS_MOVE = YES;
				CLANG_WARN_UNGUARDED_AVAILABILITY = YES_AGGRESSIVE;
				CLANG_WARN_UNREACHABLE_CODE = YES;
				CLANG_WARN__DUPLICATE_METHOD_MATCH = YES;
				COPY_PHASE_STRIP = NO;
				DEBUG_INFORMATION_FORMAT = "dwarf-with-dsym";
				ENABLE_NS_ASSERTIONS = NO;
				ENABLE_STRICT_OBJC_MSGSEND = YES;
				GCC_C_LANGUAGE_STANDARD = gnu17;
				GCC_NO_COMMON_BLOCKS = YES;
				GCC_WARN_64_TO_32_BIT_CONVERSION = YES;
				GCC_WARN_ABOUT_RETURN_TYPE = YES_ERROR;
				GCC_WARN_UNDECLARED_SELECTOR = YES;
				GCC_WARN_UNINITIALIZED_AUTOS = YES_AGGRESSIVE;
				GCC_WARN_UNUSED_FUNCTION = YES;
				GCC_WARN_UNUSED_VARIABLE = YES;
				LOCALIZATION_PREFERS_STRING_CATALOGS = YES;
				MACOSX_DEPLOYMENT_TARGET = 26.0;
				MTL_ENABLE_DEBUG_INFO = NO;
				MTL_FAST_MATH = YES;
				SDKROOT = macosx;
				SWIFT_COMPILATION_MODE = wholemodule;
			};
			name = Release;
		};
		NT0000000000000000000040 /* Debug */ = {
			isa = XCBuildConfiguration;
			buildSettings = {
				ASSETCATALOG_COMPILER_APPICON_NAME = AppIcon;
				CODE_SIGN_ENTITLEMENTS = NotchTriage/NotchTriage.entitlements;
				CODE_SIGN_STYLE = Automatic;
				COMBINE_HIDPI_IMAGES = YES;
				CURRENT_PROJECT_VERSION = 231;
				DEVELOPMENT_TEAM = VZ99K76PMS;
				ENABLE_APP_SANDBOX = NO;
				ENABLE_HARDENED_RUNTIME = YES;
				GENERATE_INFOPLIST_FILE = YES;
				INFOPLIST_KEY_CFBundleDisplayName = "BoringNotch-Next Debug";
				INFOPLIST_KEY_LSApplicationCategoryType = "public.app-category.utilities";
				INFOPLIST_KEY_LSUIElement = YES;
				INFOPLIST_KEY_NSAppleEventsUsageDescription = "BoringNotch-Next uses player and Finder automation to read media status and manage the Trash.";
				INFOPLIST_KEY_NSHumanReadableCopyright = "Copyright © 2026.";
				INFOPLIST_KEY_NSScreenCaptureUsageDescription = "BoringNotch-Next needs Screen Recording to freeze the display for region capture, annotation, and scrolling long screenshots.";
				LD_RUNPATH_SEARCH_PATHS = (
					"$(inherited)",
					"@executable_path/../Frameworks",
				);
				MARKETING_VERSION = 26.9.11.1830;
				PRODUCT_BUNDLE_IDENTIFIER = com.hyacinth.notchtriage.debug;
				PRODUCT_NAME = "$(TARGET_NAME)";
				REGISTER_APP_GROUPS = NO;
				STRING_CATALOG_GENERATE_SYMBOLS = YES;
				SWIFT_EMIT_LOC_STRINGS = YES;
				SWIFT_STRICT_CONCURRENCY = minimal;
				SWIFT_VERSION = 5.0;
			};
			name = Debug;
		};
		NT0000000000000000000041 /* Release */ = {
			isa = XCBuildConfiguration;
			buildSettings = {
				ASSETCATALOG_COMPILER_APPICON_NAME = AppIcon;
				CODE_SIGN_ENTITLEMENTS = NotchTriage/NotchTriage.entitlements;
				CODE_SIGN_INJECT_BASE_ENTITLEMENTS = NO;
				CODE_SIGN_STYLE = Automatic;
				COMBINE_HIDPI_IMAGES = YES;
				CURRENT_PROJECT_VERSION = 231;
				DEVELOPMENT_TEAM = VZ99K76PMS;
				ENABLE_APP_SANDBOX = NO;
				ENABLE_HARDENED_RUNTIME = YES;
				GENERATE_INFOPLIST_FILE = YES;
				INFOPLIST_KEY_CFBundleDisplayName = "BoringNotch-Next";
				INFOPLIST_KEY_LSApplicationCategoryType = "public.app-category.utilities";
				INFOPLIST_KEY_LSUIElement = YES;
				INFOPLIST_KEY_NSAppleEventsUsageDescription = "BoringNotch-Next uses player and Finder automation to read media status and manage the Trash.";
				INFOPLIST_KEY_NSHumanReadableCopyright = "Copyright © 2026.";
				INFOPLIST_KEY_NSScreenCaptureUsageDescription = "BoringNotch-Next needs Screen Recording to freeze the display for region capture, annotation, and scrolling long screenshots.";
				LD_RUNPATH_SEARCH_PATHS = (
					"$(inherited)",
					"@executable_path/../Frameworks",
				);
				MARKETING_VERSION = 26.9.11.1830;
				PRODUCT_BUNDLE_IDENTIFIER = com.hyacinth.notchtriage;
				PRODUCT_NAME = "$(TARGET_NAME)";
				REGISTER_APP_GROUPS = NO;
				STRING_CATALOG_GENERATE_SYMBOLS = YES;
				SWIFT_EMIT_LOC_STRINGS = YES;
				SWIFT_STRICT_CONCURRENCY = minimal;
				SWIFT_VERSION = 5.0;
			};
			name = Release;
		};
		NT0000000000000000000060 /* Debug */ = {
			isa = XCBuildConfiguration;
			buildSettings = {
				BUNDLE_LOADER = "$(TEST_HOST)";
				CODE_SIGN_STYLE = Automatic;
				CURRENT_PROJECT_VERSION = 1;
				DEVELOPMENT_TEAM = VZ99K76PMS;
				GENERATE_INFOPLIST_FILE = YES;
				MACOSX_DEPLOYMENT_TARGET = 26.0;
				MARKETING_VERSION = 1.0;
				PRODUCT_BUNDLE_IDENTIFIER = com.hyacinth.notchtriage.tests;
				PRODUCT_NAME = "$(TARGET_NAME)";
				SDKROOT = macosx;
				SWIFT_EMIT_LOC_STRINGS = NO;
				SWIFT_STRICT_CONCURRENCY = minimal;
				SWIFT_VERSION = 5.0;
				TEST_HOST = "$(BUILT_PRODUCTS_DIR)/NotchTriage.app/$(BUNDLE_EXECUTABLE_FOLDER_PATH)/NotchTriage";
			};
			name = Debug;
		};
		NT0000000000000000000061 /* Release */ = {
			isa = XCBuildConfiguration;
			buildSettings = {
				BUNDLE_LOADER = "$(TEST_HOST)";
				CODE_SIGN_STYLE = Automatic;
				CURRENT_PROJECT_VERSION = 1;
				DEVELOPMENT_TEAM = VZ99K76PMS;
				GENERATE_INFOPLIST_FILE = YES;
				MACOSX_DEPLOYMENT_TARGET = 26.0;
				MARKETING_VERSION = 1.0;
				PRODUCT_BUNDLE_IDENTIFIER = com.hyacinth.notchtriage.tests;
				PRODUCT_NAME = "$(TARGET_NAME)";
				SDKROOT = macosx;
				SWIFT_EMIT_LOC_STRINGS = NO;
				SWIFT_STRICT_CONCURRENCY = minimal;
				SWIFT_VERSION = 5.0;
				TEST_HOST = "$(BUILT_PRODUCTS_DIR)/NotchTriage.app/$(BUNDLE_EXECUTABLE_FOLDER_PATH)/NotchTriage";
			};
			name = Release;
		};
/* End XCBuildConfiguration section */

/* Begin XCConfigurationList section */
		NT0000000000000000000020 /* Build configuration list for PBXProject "NotchTriage" */ = {
			isa = XCConfigurationList;
			buildConfigurations = (
				NT0000000000000000000030 /* Debug */,
				NT0000000000000000000031 /* Release */,
			);
			defaultConfigurationIsVisible = 0;
			defaultConfigurationName = Release;
		};
		NT0000000000000000000021 /* Build configuration list for PBXNativeTarget "NotchTriage" */ = {
			isa = XCConfigurationList;
			buildConfigurations = (
				NT0000000000000000000040 /* Debug */,
				NT0000000000000000000041 /* Release */,
			);
			defaultConfigurationIsVisible = 0;
			defaultConfigurationName = Release;
		};
		NT0000000000000000000058 /* Build configuration list for PBXNativeTarget "NotchTriageTests" */ = {
			isa = XCConfigurationList;
			buildConfigurations = (
				NT0000000000000000000060 /* Debug */,
				NT0000000000000000000061 /* Release */,
			);
			defaultConfigurationIsVisible = 0;
			defaultConfigurationName = Release;
		};
/* End XCConfigurationList section */
	};
	rootObject = NT0000000000000000000006 /* Project object */;
}
